Microsoft Visual Studio Solution File, Format Version 12.00
# Visual Studio Version 17
VisualStudioVersion = 17.5.2.0
MinimumVisualStudioVersion = 10.0.40219.1
Project("{FAE04EC0-301F-11D3-BF4B-00C04F79EFBC}") = "parameter", "parameter.csproj", "{77ABDB83-CD12-93AB-EA42-8CB409495366}"
EndProject
Global
	GlobalSection(SolutionConfigurationPlatforms) = preSolution
		Debug|Any CPU = Debug|Any CPU
		Release|Any CPU = Release|Any CPU
	EndGlobalSection
	GlobalSection(ProjectConfigurationPlatforms) = postSolution
		{77ABDB83-CD12-93AB-EA42-8CB409495366}.Debug|Any CPU.ActiveCfg = Debug|Any CPU
		{77ABDB83-CD12-93AB-EA42-8CB409495366}.Debug|Any CPU.Build.0 = Debug|Any CPU
		{77ABDB83-CD12-93AB-EA42-8CB409495366}.Release|Any CPU.ActiveCfg = Release|Any CPU
		{77ABDB83-CD12-93AB-EA42-8CB409495366}.Release|Any CPU.Build.0 = Release|Any CPU
	EndGlobalSection
	GlobalSection(SolutionProperties) = preSolution
		HideSolutionNode = FALSE
	EndGlobalSection
	GlobalSection(ExtensibilityGlobals) = postSolution
		SolutionGuid = {EF182C58-AD61-45A4-90DF-F2AF868EB8D3}
	EndGlobalSection
EndGlobal
